
Microsoft Visual Studio Solution File, Format Version 12.00
# Visual Studio Version 17
VisualStudioVersion = 17.14.36811.4
MinimumVisualStudioVersion = 10.0.40219.1
Project("{FAE04EC0-301F-11D3-BF4B-00C04F79EFBC}") = "AsyncLab", "AsyncLab\AsyncLab.csproj", "{3BC50C21-1B29-4861-AB77-AE453690D5F9}"
EndProject
Project("{FAE04EC0-301F-11D3-BF4B-00C04F79EFBC}") = "WebAPI", "WebAPI\WebAPI.csproj", "{74EE548D-9E62-494F-9673-B0DFB70EB4E8}"
EndProject
Global
	GlobalSection(SolutionConfigurationPlatforms) = preSolution
		Debug|Any CPU = Debug|Any CPU
		Release|Any CPU = Release|Any CPU
	EndGlobalSection
	GlobalSection(ProjectConfigurationPlatforms) = postSolution
		{3BC50C21-1B29-4861-AB77-AE453690D5F9}.Debug|Any CPU.ActiveCfg = Debug|Any CPU
		{3BC50C21-1B29-4861-AB77-AE453690D5F9}.Debug|Any CPU.Build.0 = Debug|Any CPU
		{3BC50C21-1B29-4861-AB77-AE453690D5F9}.Release|Any CPU.ActiveCfg = Release|Any CPU
		{3BC50C21-1B29-4861-AB77-AE453690D5F9}.Release|Any CPU.Build.0 = Release|Any CPU
		{74EE548D-9E62-494F-9673-B0DFB70EB4E8}.Debug|Any CPU.ActiveCfg = Debug|Any CPU
		{74EE548D-9E62-494F-9673-B0DFB70EB4E8}.Debug|Any CPU.Build.0 = Debug|Any CPU
		{74EE548D-9E62-494F-9673-B0DFB70EB4E8}.Release|Any CPU.ActiveCfg = Release|Any CPU
		{74EE548D-9E62-494F-9673-B0DFB70EB4E8}.Release|Any CPU.Build.0 = Release|Any CPU
	EndGlobalSection
	GlobalSection(SolutionProperties) = preSolution
		HideSolutionNode = FALSE
	EndGlobalSection
	GlobalSection(ExtensibilityGlobals) = postSolution
		SolutionGuid = {F13529A1-F514-4F84-9DC9-9FBD4337F190}
	EndGlobalSection
EndGlobal
